<?xml version="1.0" encoding="utf-8"?>
<Project ToolsVersion="4.0" xmlns="http://schemas.microsoft.com/developer/msbuild/2003">
  <ItemGroup>
    <Filter Include="Source Files">
      <UniqueIdentifier>{4FC737F1-C7A5-4376-A066-2A32D752A2FF}</UniqueIdentifier>
      <Extensions>cpp;c;cc;cxx;def;odl;idl;hpj;bat;asm;asmx</Extensions>
    </Filter>
    <Filter Include="Header Files">
      <UniqueIdentifier>{93995380-89BD-4b04-88EB-625FBE52EBFB}</UniqueIdentifier>
      <Extensions>h;hh;hpp;hxx;hm;inl;inc;xsd</Extensions>
    </Filter>
    <Filter Include="Resource Files">
      <UniqueIdentifier>{67DA6AB6-F800-4c08-8B7A-83BB121AAD01}</UniqueIdentifier>
      <Extensions>rc;ico;cur;bmp;dlg;rc2;rct;bin;rgs;gif;jpg;jpeg;jpe;resx;tiff;tif;png;wav;mfcribbon-ms</Extensions>
    </Filter>
  </ItemGroup>
  <ItemGroup>
    <ClInclude Include="stdafx.h">
      <Filter>Header Files</Filter>
    </ClInclude>
    <ClInclude Include="Logging\ILogger.h">
      <Filter>Header Files</Filter>
    </ClInclude>
    <ClInclude Include="Logging\IostreamLogger.h">
      <Filter>Header Files</Filter>
    </ClInclude>
    <ClInclude Include="Logging\LogManager.h">
      <Filter>Header Files</Filter>
    </ClInclude>
    <ClInclude Include="Logging\OutputWindowLogger.h">
      <Filter>Header Files</Filter>
    </ClInclude>
    <ClInclude Include="Utilities\UnitTests\UnitTest.h">
      <Filter>Header Files</Filter>
    </ClInclude>
    <ClInclude Include="Utilities\UnitTests\UnitTestHelpers.h">
      <Filter>Header Files</Filter>
    </ClInclude>
    <ClInclude Include="Utilities\UnitTests\UnitTestsRegistrator.h">
      <Filter>Header Files</Filter>
    </ClInclude>
    <ClInclude Include="Utilities\DebugPrint.h">
      <Filter>Header Files</Filter>
    </ClInclude>
    <ClInclude Include="SDK\Singleton.h">
      <Filter>Header Files</Filter>
    </ClInclude>
    <ClInclude Include="SDK\OneWriterQueue.h">
      <Filter>Header Files</Filter>
    </ClInclude>
    <ClInclude Include="External\Mozilla\url_parse.h">
      <Filter>Header Files</Filter>
    </ClInclude>
    <ClInclude Include="External\Mozilla\UnitTest_url_parse.h">
      <Filter>Header Files</Filter>
    </ClInclude>
    <ClInclude Include="Utilities\GetErrorStrings.h">
      <Filter>Header Files</Filter>
    </ClInclude>
    <ClInclude Include="Utilities\Http\HttpHelper.h">
      <Filter>Header Files</Filter>
    </ClInclude>
    <ClInclude Include="Utilities\Http\HttpResponseParser.h">
      <Filter>Header Files</Filter>
    </ClInclude>
    <ClInclude Include="Utilities\Http\UrlParser.h">
      <Filter>Header Files</Filter>
    </ClInclude>
    <ClInclude Include="Utilities\Http\UnitTest_HttpResponseParser.h">
      <Filter>Header Files</Filter>
    </ClInclude>
    <ClInclude Include="SDK\IQueue.h">
      <Filter>Header Files</Filter>
    </ClInclude>
    <ClInclude Include="Logging\DummyLogger.h">
      <Filter>Header Files</Filter>
    </ClInclude>
    <ClInclude Include="SDK\AvailableItems.h">
      <Filter>Header Files</Filter>
    </ClInclude>
    <ClInclude Include="Resources\Resource.h">
      <Filter>Header Files</Filter>
    </ClInclude>
    <ClInclude Include="MVVM\Internal\RelayCommand.h">
      <Filter>Header Files</Filter>
    </ClInclude>
    <ClInclude Include="MVVM\Internal\ICommand.h">
      <Filter>Header Files</Filter>
    </ClInclude>
    <ClInclude Include="MVVM\ViewModel\MainViewModel.h">
      <Filter>Header Files</Filter>
    </ClInclude>
    <ClInclude Include="MVVM\Internal\ViewModelBase.h">
      <Filter>Header Files</Filter>
    </ClInclude>
    <ClInclude Include="MVVM\View\MainView.h">
      <Filter>Header Files</Filter>
    </ClInclude>
    <ClInclude Include="MVVM\Internal\ViewBase.h">
      <Filter>Header Files</Filter>
    </ClInclude>
    <ClInclude Include="MVVM\Internal\DialogView.h">
      <Filter>Header Files</Filter>
    </ClInclude>
    <ClInclude Include="BusinessLogic\ClientContext.h">
      <Filter>Header Files</Filter>
    </ClInclude>
    <ClInclude Include="BusinessLogic\ConnectTask.h">
      <Filter>Header Files</Filter>
    </ClInclude>
    <ClInclude Include="BusinessLogic\ReceiveTask.h">
      <Filter>Header Files</Filter>
    </ClInclude>
    <ClInclude Include="BusinessLogic\Spider.h">
      <Filter>Header Files</Filter>
    </ClInclude>
    <ClInclude Include="BusinessLogic\UnitTest_ReceiveTask.h">
      <Filter>Header Files</Filter>
    </ClInclude>
    <ClInclude Include="MVVM\Internal\PropertyChangedEventArgs.h">
      <Filter>Header Files</Filter>
    </ClInclude>
    <ClInclude Include="MVVM\Internal\Event.h">
      <Filter>Header Files</Filter>
    </ClInclude>
    <ClInclude Include="SDK\VectorImEl.h">
      <Filter>Header Files</Filter>
    </ClInclude>
    <ClInclude Include="BusinessLogic\LinkStateEventArgs.h">
      <Filter>Header Files</Filter>
    </ClInclude>
    <ClInclude Include="BusinessLogic\LinkConstants.h">
      <Filter>Header Files</Filter>
    </ClInclude>
    <ClInclude Include="SDK\Algorithms\Kmp.h">
      <Filter>Header Files</Filter>
    </ClInclude>
    <ClInclude Include="SDK\Algorithms\UnitTest_Kmp.h">
      <Filter>Header Files</Filter>
    </ClInclude>
  </ItemGroup>
  <ItemGroup>
    <ClCompile Include="stdafx.cpp">
      <Filter>Source Files</Filter>
    </ClCompile>
    <ClCompile Include="HttpSpider.cpp">
      <Filter>Source Files</Filter>
    </ClCompile>
    <ClCompile Include="Logging\IostreamLogger.cpp">
      <Filter>Source Files</Filter>
    </ClCompile>
    <ClCompile Include="Logging\LogManager.cpp">
      <Filter>Source Files</Filter>
    </ClCompile>
    <ClCompile Include="Logging\OutputWindowLogger.cpp">
      <Filter>Source Files</Filter>
    </ClCompile>
    <ClCompile Include="Utilities\UnitTests\UnitTest.cpp">
      <Filter>Source Files</Filter>
    </ClCompile>
    <ClCompile Include="Utilities\UnitTests\UnitTestHelpers.cpp">
      <Filter>Source Files</Filter>
    </ClCompile>
    <ClCompile Include="Utilities\UnitTests\UnitTestsRegistrator.cpp">
      <Filter>Source Files</Filter>
    </ClCompile>
    <ClCompile Include="Utilities\DebugPrint.cpp">
      <Filter>Source Files</Filter>
    </ClCompile>
    <ClCompile Include="SDK\OneWriterQueue.cpp">
      <Filter>Source Files</Filter>
    </ClCompile>
    <ClCompile Include="External\Mozilla\url_parse.cc">
      <Filter>Source Files</Filter>
    </ClCompile>
    <ClCompile Include="External\Mozilla\UnitTest_url_parse.cpp">
      <Filter>Source Files</Filter>
    </ClCompile>
    <ClCompile Include="Utilities\GetErrorStrings.cpp">
      <Filter>Source Files</Filter>
    </ClCompile>
    <ClCompile Include="Utilities\Http\HttpHelper.cpp">
      <Filter>Source Files</Filter>
    </ClCompile>
    <ClCompile Include="Utilities\Http\HttpResponseParser.cpp">
      <Filter>Source Files</Filter>
    </ClCompile>
    <ClCompile Include="Utilities\Http\UrlParser.cpp">
      <Filter>Source Files</Filter>
    </ClCompile>
    <ClCompile Include="Utilities\Http\UnitTest_HttpResponseParser.cpp">
      <Filter>Source Files</Filter>
    </ClCompile>
    <ClCompile Include="Logging\DummyLogger.cpp">
      <Filter>Source Files</Filter>
    </ClCompile>
    <ClCompile Include="SDK\AvailableItems.cpp">
      <Filter>Source Files</Filter>
    </ClCompile>
    <ClCompile Include="MVVM\Internal\RelayCommand.cpp">
      <Filter>Source Files</Filter>
    </ClCompile>
    <ClCompile Include="MVVM\ViewModel\MainViewModel.cpp">
      <Filter>Source Files</Filter>
    </ClCompile>
    <ClCompile Include="MVVM\Internal\ViewModelBase.cpp">
      <Filter>Source Files</Filter>
    </ClCompile>
    <ClCompile Include="MVVM\View\MainView.cpp">
      <Filter>Source Files</Filter>
    </ClCompile>
    <ClCompile Include="MVVM\Internal\ViewBase.cpp">
      <Filter>Source Files</Filter>
    </ClCompile>
    <ClCompile Include="MVVM\Internal\DialogView.cpp">
      <Filter>Source Files</Filter>
    </ClCompile>
    <ClCompile Include="BusinessLogic\ClientContext.cpp">
      <Filter>Source Files</Filter>
    </ClCompile>
    <ClCompile Include="BusinessLogic\ConnectTask.cpp">
      <Filter>Source Files</Filter>
    </ClCompile>
    <ClCompile Include="BusinessLogic\ReceiveTask.cpp">
      <Filter>Source Files</Filter>
    </ClCompile>
    <ClCompile Include="BusinessLogic\Spider.cpp">
      <Filter>Source Files</Filter>
    </ClCompile>
    <ClCompile Include="BusinessLogic\UnitTest_ReceiveTask.cpp">
      <Filter>Source Files</Filter>
    </ClCompile>
    <ClCompile Include="MVVM\Internal\PropertyChangedEventArgs.cpp">
      <Filter>Source Files</Filter>
    </ClCompile>
    <ClCompile Include="MVVM\Internal\Event.cpp">
      <Filter>Source Files</Filter>
    </ClCompile>
    <ClCompile Include="SDK\VectorImEl.cpp">
      <Filter>Source Files</Filter>
    </ClCompile>
    <ClCompile Include="BusinessLogic\LinkStateEventArgs.cpp">
      <Filter>Source Files</Filter>
    </ClCompile>
    <ClCompile Include="SDK\Algorithms\Kmp.cpp">
      <Filter>Source Files</Filter>
    </ClCompile>
    <ClCompile Include="SDK\Algorithms\UnitTest_Kmp.cpp">
      <Filter>Source Files</Filter>
    </ClCompile>
  </ItemGroup>
  <ItemGroup>
    <ResourceCompile Include="Resources\MainDialog.rc">
      <Filter>Resource Files</Filter>
    </ResourceCompile>
  </ItemGroup>
</Project>